
Microsoft Visual Studio Solution File, Format Version 12.00
# Visual Studio Version 17
VisualStudioVersion = 17.11.35431.28
MinimumVisualStudioVersion = 10.0.40219.1
Project("{FAE04EC0-301F-11D3-BF4B-00C04F79EFBC}") = "weath", "weath\weath.csproj", "{C8858ADE-50C8-44D3-B5DA-67E57131B2A7}"
EndProject
Global
	GlobalSection(SolutionConfigurationPlatforms) = preSolution
		Debug|Any CPU = Debug|Any CPU
		Release|Any CPU = Release|Any CPU
	EndGlobalSection
	GlobalSection(ProjectConfigurationPlatforms) = postSolution
		{C8858ADE-50C8-44D3-B5DA-67E57131B2A7}.Debug|Any CPU.ActiveCfg = Debug|Any CPU
		{C8858ADE-50C8-44D3-B5DA-67E57131B2A7}.Debug|Any CPU.Build.0 = Debug|Any CPU
		{C8858ADE-50C8-44D3-B5DA-67E57131B2A7}.Release|Any CPU.ActiveCfg = Release|Any CPU
		{C8858ADE-50C8-44D3-B5DA-67E57131B2A7}.Release|Any CPU.Build.0 = Release|Any CPU
	EndGlobalSection
	GlobalSection(SolutionProperties) = preSolution
		HideSolutionNode = FALSE
	EndGlobalSection
	GlobalSection(ExtensibilityGlobals) = postSolution
		SolutionGuid = {33F92175-9EE6-4252-8EB6-C659DBAFC05E}
	EndGlobalSection
EndGlobal
